
Microsoft Visual Studio Solution File, Format Version 12.00
# Visual Studio Version 17
VisualStudioVersion = 17.14.36623.8 d17.14
MinimumVisualStudioVersion = 10.0.40219.1
Project("{FAE04EC0-301F-11D3-BF4B-00C04F79EFBC}") = "LAB_10_TaskB", "LAB_10_TaskB\LAB_10_TaskB.csproj", "{05781CCD-36BD-4F8B-9D16-152725E0BE10}"
EndProject
Global
	GlobalSection(SolutionConfigurationPlatforms) = preSolution
		Debug|Any CPU = Debug|Any CPU
		Release|Any CPU = Release|Any CPU
	EndGlobalSection
	GlobalSection(ProjectConfigurationPlatforms) = postSolution
		{05781CCD-36BD-4F8B-9D16-152725E0BE10}.Debug|Any CPU.ActiveCfg = Debug|Any CPU
		{05781CCD-36BD-4F8B-9D16-152725E0BE10}.Debug|Any CPU.Build.0 = Debug|Any CPU
		{05781CCD-36BD-4F8B-9D16-152725E0BE10}.Release|Any CPU.ActiveCfg = Release|Any CPU
		{05781CCD-36BD-4F8B-9D16-152725E0BE10}.Release|Any CPU.Build.0 = Release|Any CPU
	EndGlobalSection
	GlobalSection(SolutionProperties) = preSolution
		HideSolutionNode = FALSE
	EndGlobalSection
	GlobalSection(ExtensibilityGlobals) = postSolution
		SolutionGuid = {A64DF15A-2449-48B7-BB1F-0AF2F4554C6E}
	EndGlobalSection
EndGlobal
